
Microsoft Visual Studio Solution File, Format Version 12.00
# Visual Studio Version 17
VisualStudioVersion = 17.1.32210.238
MinimumVisualStudioVersion = 10.0.40219.1
Project("{9A19103F-16F7-4668-BE54-9A1E7A4F7556}") = "EntityFX.MqttBenchmark.Bomber", "EntityFX.MqttBenchmark.Bomber\EntityFX.MqttBenchmark.Bomber.csproj", "{735DED6D-8B09-4FC4-84EE-C9C289D0D317}"
EndProject
Project("{9A19103F-16F7-4668-BE54-9A1E7A4F7556}") = "EntityFX.MqttBenchmark.Counters", "EntityFX.MqttBenchmark.Counters\EntityFX.MqttBenchmark.Counters.csproj", "{B4B8E07C-6360-4BF0-AE66-3D85F4045BB7}"
EndProject
Project("{9A19103F-16F7-4668-BE54-9A1E7A4F7556}") = "EntityFX.MqttBenchmark.StatAggregator", "EntityFX.MqttBenchmark.StatAggregator\EntityFX.MqttBenchmark.StatAggregator.csproj", "{4C2CB761-AAAE-4B20-A4EB-33D3E06DD151}"
EndProject
Project("{9A19103F-16F7-4668-BE54-9A1E7A4F7556}") = "EntityFX.MqttBenchmark.Scenario", "EntityFX.MqttBenchmark.Scenario\EntityFX.MqttBenchmark.Scenario.csproj", "{B06B3B63-E3EC-4532-A6DC-9F8E0BF88C8F}"
EndProject
Project("{FAE04EC0-301F-11D3-BF4B-00C04F79EFBC}") = "EntityFX.MqttBenchmark", "EntityFX.MqttBenchmark\EntityFX.MqttBenchmark.csproj", "{08FFF033-BA83-4254-AC3B-44B51D7C4C43}"
EndProject
Project("{FAE04EC0-301F-11D3-BF4B-00C04F79EFBC}") = "EntityFX.MqttBenchmark.Cli", "EntityFX.MqttBenchmark.Cli\EntityFX.MqttBenchmark.Cli.csproj", "{77B5A840-368A-4A3D-BF7F-DB063FC2D34A}"
EndProject
Global
	GlobalSection(SolutionConfigurationPlatforms) = preSolution
		Debug|Any CPU = Debug|Any CPU
		Release|Any CPU = Release|Any CPU
	EndGlobalSection
	GlobalSection(ProjectConfigurationPlatforms) = postSolution
		{735DED6D-8B09-4FC4-84EE-C9C289D0D317}.Debug|Any CPU.ActiveCfg = Debug|Any CPU
		{735DED6D-8B09-4FC4-84EE-C9C289D0D317}.Debug|Any CPU.Build.0 = Debug|Any CPU
		{735DED6D-8B09-4FC4-84EE-C9C289D0D317}.Release|Any CPU.ActiveCfg = Release|Any CPU
		{735DED6D-8B09-4FC4-84EE-C9C289D0D317}.Release|Any CPU.Build.0 = Release|Any CPU
		{B4B8E07C-6360-4BF0-AE66-3D85F4045BB7}.Debug|Any CPU.ActiveCfg = Debug|Any CPU
		{B4B8E07C-6360-4BF0-AE66-3D85F4045BB7}.Debug|Any CPU.Build.0 = Debug|Any CPU
		{B4B8E07C-6360-4BF0-AE66-3D85F4045BB7}.Release|Any CPU.ActiveCfg = Release|Any CPU
		{B4B8E07C-6360-4BF0-AE66-3D85F4045BB7}.Release|Any CPU.Build.0 = Release|Any CPU
		{4C2CB761-AAAE-4B20-A4EB-33D3E06DD151}.Debug|Any CPU.ActiveCfg = Debug|Any CPU
		{4C2CB761-AAAE-4B20-A4EB-33D3E06DD151}.Debug|Any CPU.Build.0 = Debug|Any CPU
		{4C2CB761-AAAE-4B20-A4EB-33D3E06DD151}.Release|Any CPU.ActiveCfg = Release|Any CPU
		{4C2CB761-AAAE-4B20-A4EB-33D3E06DD151}.Release|Any CPU.Build.0 = Release|Any CPU
		{B06B3B63-E3EC-4532-A6DC-9F8E0BF88C8F}.Debug|Any CPU.ActiveCfg = Debug|Any CPU
		{B06B3B63-E3EC-4532-A6DC-9F8E0BF88C8F}.Debug|Any CPU.Build.0 = Debug|Any CPU
		{B06B3B63-E3EC-4532-A6DC-9F8E0BF88C8F}.Release|Any CPU.ActiveCfg = Release|Any CPU
		{B06B3B63-E3EC-4532-A6DC-9F8E0BF88C8F}.Release|Any CPU.Build.0 = Release|Any CPU
		{08FFF033-BA83-4254-AC3B-44B51D7C4C43}.Debug|Any CPU.ActiveCfg = Debug|Any CPU
		{08FFF033-BA83-4254-AC3B-44B51D7C4C43}.Debug|Any CPU.Build.0 = Debug|Any CPU
		{08FFF033-BA83-4254-AC3B-44B51D7C4C43}.Release|Any CPU.ActiveCfg = Release|Any CPU
		{08FFF033-BA83-4254-AC3B-44B51D7C4C43}.Release|Any CPU.Build.0 = Release|Any CPU
		{77B5A840-368A-4A3D-BF7F-DB063FC2D34A}.Debug|Any CPU.ActiveCfg = Debug|Any CPU
		{77B5A840-368A-4A3D-BF7F-DB063FC2D34A}.Debug|Any CPU.Build.0 = Debug|Any CPU
		{77B5A840-368A-4A3D-BF7F-DB063FC2D34A}.Release|Any CPU.ActiveCfg = Release|Any CPU
		{77B5A840-368A-4A3D-BF7F-DB063FC2D34A}.Release|Any CPU.Build.0 = Release|Any CPU
	EndGlobalSection
	GlobalSection(SolutionProperties) = preSolution
		HideSolutionNode = FALSE
	EndGlobalSection
	GlobalSection(ExtensibilityGlobals) = postSolution
		SolutionGuid = {4C78E49D-448B-4C2B-9704-28063203634D}
	EndGlobalSection
EndGlobal
